{
  "requires": true,
  "lockfileVersion": 1,
  "dependencies": {
    "animate.css": {
      "version": "3.7.0",
      "resolved": "https://registry.npmjs.org/animate.css/-/animate.css-3.7.0.tgz",
      "integrity": "sha512-u3iMXDJr0cxMdQocIciDiou9Au4L5f9uT+/jCtprw3s1j3HcfCuI+khF+90Ps2KdsEhM2soF7SXB4WUvI3HlXg=="
    },
    "bulma": {
      "version": "0.7.1",
      "resolved": "https://registry.npmjs.org/bulma/-/bulma-0.7.1.tgz",
      "integrity": "sha512-wRSO2LXB+qI9Pyz2id+uZr4quz5aftSN7Ay1ysr1+krzVp3utD+Ci4CeKuZdrYGc800t65b7heXBL6qw2Wo/lQ=="
    },
    "bulma-extensions": {
      "version": "2.2.1",
      "resolved": "https://registry.npmjs.org/bulma-extensions/-/bulma-extensions-2.2.1.tgz",
      "integrity": "sha512-Ma1ersWOxRQgaOs/TRw3JaufUCPKDcUpLWIEli7z3OKkQ1YfcTOYIYgTMqlTlM4nipzCjCltivlXHWk3n6wS5w=="
    },
    "is-dom-node": {
      "version": "1.0.4",
      "resolved": "https://registry.npmjs.org/is-dom-node/-/is-dom-node-1.0.4.tgz",
      "integrity": "sha512-NEnTHKCeyGJTL0cKdzATF8SWzyTMYf5CbNKWBvsXvyMxZG32g+a09qkeCbrfQNLTD85CbPeHb4YjIJCjyzF0yA=="
    },
    "is-dom-node-list": {
      "version": "1.2.1",
      "resolved": "https://registry.npmjs.org/is-dom-node-list/-/is-dom-node-list-1.2.1.tgz",
      "integrity": "sha512-P1H071iT5TGG8pAHslhrLDo/tQLYc8tGuWABVqhGU4l2mm7aDNb9cx2myQ2AujEQO6B2cAujcW4a0/+6UfXInw==",
      "requires": {
        "is-dom-node": "^1.0.4"
      }
    },
    "miniraf": {
      "version": "1.0.1",
      "resolved": "https://registry.npmjs.org/miniraf/-/miniraf-1.0.1.tgz",
      "integrity": "sha512-2OVNqiGCiL3XaKMZQPHcE8f/89gnaEYQmQv5SHWz4eezyn0gHLBl8W8XGcy5G8Y+Gz1JUwysvj/grNy34nUOdQ=="
    },
    "rematrix": {
      "version": "0.2.2",
      "resolved": "https://registry.npmjs.org/rematrix/-/rematrix-0.2.2.tgz",
      "integrity": "sha512-agFFS3RzrLXJl5LY5xg/xYyXvUuVAnkhgKO7RaO9J1Ssth6yvbO+PIiV67V59MB5NCdAK2flvGvNT4mdKVniFA=="
    },
    "scrollreveal": {
      "version": "4.0.0",
      "resolved": "https://registry.npmjs.org/scrollreveal/-/scrollreveal-4.0.0.tgz",
      "integrity": "sha512-r9JOsE7dWMRDFoTHjbeREHzZ2vQm2jk0Eqzm4j5Qk7lKl5DHyYfFL8x3nSdHQlFNDn34BSLTHWxsg4Mg4768eQ==",
      "requires": {
        "miniraf": "^1.0.0",
        "rematrix": "0.2.2",
        "tealight": "0.3.0"
      }
    },
    "simple-icons": {
      "version": "1.8.4",
      "resolved": "https://registry.npmjs.org/simple-icons/-/simple-icons-1.8.4.tgz",
      "integrity": "sha512-2pNkmUlEh1pa7K7LTDHotEf9fLlO7WkRJFeCnM9bdydC2m7cK6ENLJgvdTdoOG/DSIkwSFUb7tp1e8RarR1Wrg=="
    },
    "tealight": {
      "version": "0.3.0",
      "resolved": "https://registry.npmjs.org/tealight/-/tealight-0.3.0.tgz",
      "integrity": "sha512-xaKtlxnQNazU4hGwUND8c0u/CyqlDRjRV05cNH7qUyPgvngeuNBZWDGnMWXRE1q0sk3SvN5LgcREcSvGUgPVKQ==",
      "requires": {
        "is-dom-node": "^1.0.4",
        "is-dom-node-list": "^1.2.1"
      }
    }
  }
}
